
Microsoft Visual Studio Solution File, Format Version 12.00
# Visual Studio Version 17
VisualStudioVersion = 17.11.35222.181
MinimumVisualStudioVersion = 10.0.40219.1
Project("{FAE04EC0-301F-11D3-BF4B-00C04F79EFBC}") = "P_102_T", "P_102_T\P_102_T.csproj", "{5C2B8568-8028-4190-A2CC-7C369DD6F509}"
EndProject
Global
	GlobalSection(SolutionConfigurationPlatforms) = preSolution
		Debug|Any CPU = Debug|Any CPU
		Release|Any CPU = Release|Any CPU
	EndGlobalSection
	GlobalSection(ProjectConfigurationPlatforms) = postSolution
		{5C2B8568-8028-4190-A2CC-7C369DD6F509}.Debug|Any CPU.ActiveCfg = Debug|Any CPU
		{5C2B8568-8028-4190-A2CC-7C369DD6F509}.Debug|Any CPU.Build.0 = Debug|Any CPU
		{5C2B8568-8028-4190-A2CC-7C369DD6F509}.Release|Any CPU.ActiveCfg = Release|Any CPU
		{5C2B8568-8028-4190-A2CC-7C369DD6F509}.Release|Any CPU.Build.0 = Release|Any CPU
	EndGlobalSection
	GlobalSection(SolutionProperties) = preSolution
		HideSolutionNode = FALSE
	EndGlobalSection
	GlobalSection(ExtensibilityGlobals) = postSolution
		SolutionGuid = {87AA2581-8B7E-4226-9D85-84C39690386D}
	EndGlobalSection
EndGlobal
